// !$*UTF8*$!
{
	archiveVersion = 1;
	classes = {
	};
	objectVersion = 46;
	objects = {

/* Begin PBXBuildFile section */
		A10DAF7B13A6A0C6006E5762 /* Default-Landscape~ipad.png in Resources */ = {isa = PBXBuildFile; fileRef = A10DAF7A13A6A0C6006E5762 /* Default-Landscape~ipad.png */; };
		A119552913A0AA2E00EE4673 /* libz.1.2.3.dylib in Frameworks */ = {isa = PBXBuildFile; fileRef = A119552813A0AA2E00EE4673 /* libz.1.2.3.dylib */; };
		A1203B36135A01B7006B5736 /* Default.png in Resources */ = {isa = PBXBuildFile; fileRef = A1203B35135A01B7006B5736 /* Default.png */; };
		A1203B38135A0220006B5736 /* Default@2x.png in Resources */ = {isa = PBXBuildFile; fileRef = A1203B37135A021F006B5736 /* Default@2x.png */; };
		A12FC0D113A7490000AA5A31 /* Overlay.m in Sources */ = {isa = PBXBuildFile; fileRef = A12FC0D013A7490000AA5A31 /* Overlay.m */; };
		A15E32A3139FFCC1001E9AE0 /* red_min_track.png in Resources */ = {isa = PBXBuildFile; fileRef = A15E32A2139FFCC1001E9AE0 /* red_min_track.png */; };
		A1A4CD5713634E4600A72098 /* LSTableView.mm in Sources */ = {isa = PBXBuildFile; fileRef = A1A4CD5613634E4600A72098 /* LSTableView.mm */; };
		A1A961AC13A002F00051089C /* green_min_track.png in Resources */ = {isa = PBXBuildFile; fileRef = A1A961AB13A002F00051089C /* green_min_track.png */; };
		A1C48AAC1359DA2B008A923D /* DesignMC.cpp in Sources */ = {isa = PBXBuildFile; fileRef = A1C48A941359DA2B008A923D /* DesignMC.cpp */; };
		A1C48AAD1359DA2B008A923D /* DesignMCWrapper.mm in Sources */ = {isa = PBXBuildFile; fileRef = A1C48A971359DA2B008A923D /* DesignMCWrapper.mm */; };
		A1C48AAE1359DA2B008A923D /* CUIHorizontalPickerView.mm in Sources */ = {isa = PBXBuildFile; fileRef = A1C48A9A1359DA2B008A923D /* CUIHorizontalPickerView.mm */; };
		A1C48AAF1359DA2B008A923D /* CUIHorizontalPickerViewSubView.mm in Sources */ = {isa = PBXBuildFile; fileRef = A1C48A9C1359DA2B008A923D /* CUIHorizontalPickerViewSubView.mm */; };
		A1C48AB01359DA2B008A923D /* LatinSquaresAppDelegate.mm in Sources */ = {isa = PBXBuildFile; fileRef = A1C48A9F1359DA2B008A923D /* LatinSquaresAppDelegate.mm */; };
		A1C48AB11359DA2B008A923D /* Icon-72.png in Resources */ = {isa = PBXBuildFile; fileRef = A1C48AA11359DA2B008A923D /* Icon-72.png */; };
		A1C48AB21359DA2B008A923D /* Icon-Small-50.png in Resources */ = {isa = PBXBuildFile; fileRef = A1C48AA21359DA2B008A923D /* Icon-Small-50.png */; };
		A1C48AB31359DA2B008A923D /* Icon-Small.png in Resources */ = {isa = PBXBuildFile; fileRef = A1C48AA31359DA2B008A923D /* Icon-Small.png */; };
		A1C48AB41359DA2B008A923D /* Icon-Small@2x.png in Resources */ = {isa = PBXBuildFile; fileRef = A1C48AA41359DA2B008A923D /* Icon-Small@2x.png */; };
		A1C48AB51359DA2B008A923D /* Icon.png in Resources */ = {isa = PBXBuildFile; fileRef = A1C48AA51359DA2B008A923D /* Icon.png */; };
		A1C48AB61359DA2B008A923D /* Icon@2x.png in Resources */ = {isa = PBXBuildFile; fileRef = A1C48AA61359DA2B008A923D /* Icon@2x.png */; };
		A1C48AB71359DA2B008A923D /* LSWebsiteView.m in Sources */ = {isa = PBXBuildFile; fileRef = A1C48AA91359DA2B008A923D /* LSWebsiteView.m */; };
		A1C48AB81359DA2B008A923D /* LSSquareView.mm in Sources */ = {isa = PBXBuildFile; fileRef = A1C48AAB1359DA2B008A923D /* LSSquareView.mm */; };
		A1D3BCC6135A23E2006721AD /* Default-Portrait~ipad.png in Resources */ = {isa = PBXBuildFile; fileRef = A1D3BCC5135A23E2006721AD /* Default-Portrait~ipad.png */; };
		A1F04267138FFD1B00EF08C8 /* ASIAuthenticationDialog.m in Sources */ = {isa = PBXBuildFile; fileRef = A1F04252138FFD1B00EF08C8 /* ASIAuthenticationDialog.m */; };
		A1F04268138FFD1B00EF08C8 /* ASIDataCompressor.m in Sources */ = {isa = PBXBuildFile; fileRef = A1F04255138FFD1B00EF08C8 /* ASIDataCompressor.m */; };
		A1F04269138FFD1B00EF08C8 /* ASIDataDecompressor.m in Sources */ = {isa = PBXBuildFile; fileRef = A1F04257138FFD1B00EF08C8 /* ASIDataDecompressor.m */; };
		A1F0426A138FFD1B00EF08C8 /* ASIDownloadCache.m in Sources */ = {isa = PBXBuildFile; fileRef = A1F04259138FFD1B00EF08C8 /* ASIDownloadCache.m */; };
		A1F0426B138FFD1B00EF08C8 /* ASIFormDataRequest.m in Sources */ = {isa = PBXBuildFile; fileRef = A1F0425B138FFD1B00EF08C8 /* ASIFormDataRequest.m */; };
		A1F0426C138FFD1B00EF08C8 /* ASIHTTPRequest.m in Sources */ = {isa = PBXBuildFile; fileRef = A1F0425D138FFD1B00EF08C8 /* ASIHTTPRequest.m */; };
		A1F0426D138FFD1B00EF08C8 /* ASIInputStream.m in Sources */ = {isa = PBXBuildFile; fileRef = A1F04261138FFD1B00EF08C8 /* ASIInputStream.m */; };
		A1F0426E138FFD1B00EF08C8 /* ASINetworkQueue.m in Sources */ = {isa = PBXBuildFile; fileRef = A1F04263138FFD1B00EF08C8 /* ASINetworkQueue.m */; };
		A1F0426F138FFD1B00EF08C8 /* Reachability.m in Sources */ = {isa = PBXBuildFile; fileRef = A1F04266138FFD1B00EF08C8 /* Reachability.m */; };
		A1F04275138FFE8700EF08C8 /* CFNetwork.framework in Frameworks */ = {isa = PBXBuildFile; fileRef = A1F04270138FFE8600EF08C8 /* CFNetwork.framework */; };
		A1F04277138FFE8700EF08C8 /* MobileCoreServices.framework in Frameworks */ = {isa = PBXBuildFile; fileRef = A1F04273138FFE8700EF08C8 /* MobileCoreServices.framework */; };
		A1F04278138FFE8700EF08C8 /* SystemConfiguration.framework in Frameworks */ = {isa = PBXBuildFile; fileRef = A1F04274138FFE8700EF08C8 /* SystemConfiguration.framework */; };
		A1F0427A1390039A00EF08C8 /* content.plist in Resources */ = {isa = PBXBuildFile; fileRef = A1F042791390039A00EF08C8 /* content.plist */; };
		A1F0427D139003DD00EF08C8 /* ContentManager.m in Sources */ = {isa = PBXBuildFile; fileRef = A1F0427C139003DD00EF08C8 /* ContentManager.m */; };
		A1F042C31390094400EF08C8 /* NSObject+SBJSON.m in Sources */ = {isa = PBXBuildFile; fileRef = A1F042BA1390094400EF08C8 /* NSObject+SBJSON.m */; };
		A1F042C41390094400EF08C8 /* NSString+SBJSON.m in Sources */ = {isa = PBXBuildFile; fileRef = A1F042BC1390094400EF08C8 /* NSString+SBJSON.m */; };
		A1F042C51390094400EF08C8 /* SBJsonBase.m in Sources */ = {isa = PBXBuildFile; fileRef = A1F042BE1390094400EF08C8 /* SBJsonBase.m */; };
		A1F042C61390094400EF08C8 /* SBJsonParser.m in Sources */ = {isa = PBXBuildFile; fileRef = A1F042C01390094400EF08C8 /* SBJsonParser.m */; };
		A1F042C71390094400EF08C8 /* SBJsonWriter.m in Sources */ = {isa = PBXBuildFile; fileRef = A1F042C21390094400EF08C8 /* SBJsonWriter.m */; };
		A1FC95F51359927600F5606D /* UIKit.framework in Frameworks */ = {isa = PBXBuildFile; fileRef = A1FC95F41359927600F5606D /* UIKit.framework */; };
		A1FC95F71359927600F5606D /* Foundation.framework in Frameworks */ = {isa = PBXBuildFile; fileRef = A1FC95F61359927600F5606D /* Foundation.framework */; };
		A1FC95F91359927600F5606D /* CoreGraphics.framework in Frameworks */ = {isa = PBXBuildFile; fileRef = A1FC95F81359927600F5606D /* CoreGraphics.framework */; };
		A1FC95FF1359927600F5606D /* InfoPlist.strings in Resources */ = {isa = PBXBuildFile; fileRef = A1FC95FD1359927600F5606D /* InfoPlist.strings */; };
		A1FC96021359927600F5606D /* main.m in Sources */ = {isa = PBXBuildFile; fileRef = A1FC96011359927600F5606D /* main.m */; };
/* End PBXBuildFile section */

/* Begin PBXFileReference section */
		A10DAF7A13A6A0C6006E5762 /* Default-Landscape~ipad.png */ = {isa = PBXFileReference; lastKnownFileType = image.png; path = "Default-Landscape~ipad.png"; sourceTree = "<group>"; };
		A119552813A0AA2E00EE4673 /* libz.1.2.3.dylib */ = {isa = PBXFileReference; lastKnownFileType = "compiled.mach-o.dylib"; name = libz.1.2.3.dylib; path = usr/lib/libz.1.2.3.dylib; sourceTree = SDKROOT; };
		A1203B35135A01B7006B5736 /* Default.png */ = {isa = PBXFileReference; lastKnownFileType = image.png; path = Default.png; sourceTree = "<group>"; };
		A1203B37135A021F006B5736 /* Default@2x.png */ = {isa = PBXFileReference; lastKnownFileType = image.png; path = "Default@2x.png"; sourceTree = "<group>"; };
		A12FC0CF13A7490000AA5A31 /* Overlay.h */ = {isa = PBXFileReference; fileEncoding = 4; lastKnownFileType = sourcecode.c.h; name = Overlay.h; path = ../../../../../../andy/Dropbox/Programming/iOS/LatinSquares/LatinSquares/Overlay.h; sourceTree = "<group>"; };
		A12FC0D013A7490000AA5A31 /* Overlay.m */ = {isa = PBXFileReference; fileEncoding = 4; lastKnownFileType = sourcecode.c.objc; name = Overlay.m; path = ../../../../../../andy/Dropbox/Programming/iOS/LatinSquares/LatinSquares/Overlay.m; sourceTree = "<group>"; };
		A15E32A2139FFCC1001E9AE0 /* red_min_track.png */ = {isa = PBXFileReference; lastKnownFileType = image.png; path = red_min_track.png; sourceTree = "<group>"; };
		A1A4CD5513634E4600A72098 /* LSTableView.h */ = {isa = PBXFileReference; fileEncoding = 4; lastKnownFileType = sourcecode.c.h; path = LSTableView.h; sourceTree = "<group>"; };
		A1A4CD5613634E4600A72098 /* LSTableView.mm */ = {isa = PBXFileReference; fileEncoding = 4; lastKnownFileType = sourcecode.cpp.objcpp; path = LSTableView.mm; sourceTree = "<group>"; };
		A1A961AB13A002F00051089C /* green_min_track.png */ = {isa = PBXFileReference; lastKnownFileType = image.png; path = green_min_track.png; sourceTree = "<group>"; };
		A1C48A941359DA2B008A923D /* DesignMC.cpp */ = {isa = PBXFileReference; fileEncoding = 4; lastKnownFileType = sourcecode.cpp.cpp; path = DesignMC.cpp; sourceTree = "<group>"; };
		A1C48A951359DA2B008A923D /* DesignMC.hpp */ = {isa = PBXFileReference; fileEncoding = 4; lastKnownFileType = sourcecode.cpp.h; path = DesignMC.hpp; sourceTree = "<group>"; };
		A1C48A961359DA2B008A923D /* DesignMCWrapper.h */ = {isa = PBXFileReference; fileEncoding = 4; lastKnownFileType = sourcecode.c.h; path = DesignMCWrapper.h; sourceTree = "<group>"; };
		A1C48A971359DA2B008A923D /* DesignMCWrapper.mm */ = {isa = PBXFileReference; fileEncoding = 4; lastKnownFileType = sourcecode.cpp.objcpp; path = DesignMCWrapper.mm; sourceTree = "<group>"; };
		A1C48A991359DA2B008A923D /* CUIHorizontalPickerView.h */ = {isa = PBXFileReference; fileEncoding = 4; lastKnownFileType = sourcecode.c.h; path = CUIHorizontalPickerView.h; sourceTree = "<group>"; };
		A1C48A9A1359DA2B008A923D /* CUIHorizontalPickerView.mm */ = {isa = PBXFileReference; fileEncoding = 4; lastKnownFileType = sourcecode.cpp.objcpp; path = CUIHorizontalPickerView.mm; sourceTree = "<group>"; };
		A1C48A9B1359DA2B008A923D /* CUIHorizontalPickerViewSubView.h */ = {isa = PBXFileReference; fileEncoding = 4; lastKnownFileType = sourcecode.c.h; path = CUIHorizontalPickerViewSubView.h; sourceTree = "<group>"; };
		A1C48A9C1359DA2B008A923D /* CUIHorizontalPickerViewSubView.mm */ = {isa = PBXFileReference; fileEncoding = 4; lastKnownFileType = sourcecode.cpp.objcpp; path = CUIHorizontalPickerViewSubView.mm; sourceTree = "<group>"; };
		A1C48A9E1359DA2B008A923D /* LatinSquaresAppDelegate.h */ = {isa = PBXFileReference; fileEncoding = 4; lastKnownFileType = sourcecode.c.h; path = LatinSquaresAppDelegate.h; sourceTree = "<group>"; };
		A1C48A9F1359DA2B008A923D /* LatinSquaresAppDelegate.mm */ = {isa = PBXFileReference; fileEncoding = 4; lastKnownFileType = sourcecode.cpp.objcpp; path = LatinSquaresAppDelegate.mm; sourceTree = "<group>"; };
		A1C48AA11359DA2B008A923D /* Icon-72.png */ = {isa = PBXFileReference; lastKnownFileType = image.png; path = "Icon-72.png"; sourceTree = "<group>"; };
		A1C48AA21359DA2B008A923D /* Icon-Small-50.png */ = {isa = PBXFileReference; lastKnownFileType = image.png; path = "Icon-Small-50.png"; sourceTree = "<group>"; };
		A1C48AA31359DA2B008A923D /* Icon-Small.png */ = {isa = PBXFileReference; lastKnownFileType = image.png; path = "Icon-Small.png"; sourceTree = "<group>"; };
		A1C48AA41359DA2B008A923D /* Icon-Small@2x.png */ = {isa = PBXFileReference; lastKnownFileType = image.png; path = "Icon-Small@2x.png"; sourceTree = "<group>"; };
		A1C48AA51359DA2B008A923D /* Icon.png */ = {isa = PBXFileReference; lastKnownFileType = image.png; path = Icon.png; sourceTree = "<group>"; };
		A1C48AA61359DA2B008A923D /* Icon@2x.png */ = {isa = PBXFileReference; lastKnownFileType = image.png; path = "Icon@2x.png"; sourceTree = "<group>"; };
		A1C48AA81359DA2B008A923D /* LSWebsiteView.h */ = {isa = PBXFileReference; fileEncoding = 4; lastKnownFileType = sourcecode.c.h; path = LSWebsiteView.h; sourceTree = "<group>"; };
		A1C48AA91359DA2B008A923D /* LSWebsiteView.m */ = {isa = PBXFileReference; fileEncoding = 4; lastKnownFileType = sourcecode.c.objc; path = LSWebsiteView.m; sourceTree = "<group>"; };
		A1C48AAA1359DA2B008A923D /* LSSquareView.h */ = {isa = PBXFileReference; fileEncoding = 4; lastKnownFileType = sourcecode.c.h; path = LSSquareView.h; sourceTree = "<group>"; };
		A1C48AAB1359DA2B008A923D /* LSSquareView.mm */ = {isa = PBXFileReference; fileEncoding = 4; lastKnownFileType = sourcecode.cpp.objcpp; path = LSSquareView.mm; sourceTree = "<group>"; };
		A1D3BCC5135A23E2006721AD /* Default-Portrait~ipad.png */ = {isa = PBXFileReference; lastKnownFileType = image.png; path = "Default-Portrait~ipad.png"; sourceTree = "<group>"; };
		A1F04251138FFD1B00EF08C8 /* ASIAuthenticationDialog.h */ = {isa = PBXFileReference; fileEncoding = 4; lastKnownFileType = sourcecode.c.h; path = ASIAuthenticationDialog.h; sourceTree = "<group>"; };
		A1F04252138FFD1B00EF08C8 /* ASIAuthenticationDialog.m */ = {isa = PBXFileReference; fileEncoding = 4; lastKnownFileType = sourcecode.c.objc; path = ASIAuthenticationDialog.m; sourceTree = "<group>"; };
		A1F04253138FFD1B00EF08C8 /* ASICacheDelegate.h */ = {isa = PBXFileReference; fileEncoding = 4; lastKnownFileType = sourcecode.c.h; path = ASICacheDelegate.h; sourceTree = "<group>"; };
		A1F04254138FFD1B00EF08C8 /* ASIDataCompressor.h */ = {isa = PBXFileReference; fileEncoding = 4; lastKnownFileType = sourcecode.c.h; path = ASIDataCompressor.h; sourceTree = "<group>"; };
		A1F04255138FFD1B00EF08C8 /* ASIDataCompressor.m */ = {isa = PBXFileReference; fileEncoding = 4; lastKnownFileType = sourcecode.c.objc; path = ASIDataCompressor.m; sourceTree = "<group>"; };
		A1F04256138FFD1B00EF08C8 /* ASIDataDecompressor.h */ = {isa = PBXFileReference; fileEncoding = 4; lastKnownFileType = sourcecode.c.h; path = ASIDataDecompressor.h; sourceTree = "<group>"; };
		A1F04257138FFD1B00EF08C8 /* ASIDataDecompressor.m */ = {isa = PBXFileReference; fileEncoding = 4; lastKnownFileType = sourcecode.c.objc; path = ASIDataDecompressor.m; sourceTree = "<group>"; };
		A1F04258138FFD1B00EF08C8 /* ASIDownloadCache.h */ = {isa = PBXFileReference; fileEncoding = 4; lastKnownFileType = sourcecode.c.h; path = ASIDownloadCache.h; sourceTree = "<group>"; };
		A1F04259138FFD1B00EF08C8 /* ASIDownloadCache.m */ = {isa = PBXFileReference; fileEncoding = 4; lastKnownFileType = sourcecode.c.objc; path = ASIDownloadCache.m; sourceTree = "<group>"; };
		A1F0425A138FFD1B00EF08C8 /* ASIFormDataRequest.h */ = {isa = PBXFileReference; fileEncoding = 4; lastKnownFileType = sourcecode.c.h; path = ASIFormDataRequest.h; sourceTree = "<group>"; };
		A1F0425B138FFD1B00EF08C8 /* ASIFormDataRequest.m */ = {isa = PBXFileReference; fileEncoding = 4; lastKnownFileType = sourcecode.c.objc; path = ASIFormDataRequest.m; sourceTree = "<group>"; };
		A1F0425C138FFD1B00EF08C8 /* ASIHTTPRequest.h */ = {isa = PBXFileReference; fileEncoding = 4; lastKnownFileType = sourcecode.c.h; path = ASIHTTPRequest.h; sourceTree = "<group>"; };
		A1F0425D138FFD1B00EF08C8 /* ASIHTTPRequest.m */ = {isa = PBXFileReference; fileEncoding = 4; lastKnownFileType = sourcecode.c.objc; path = ASIHTTPRequest.m; sourceTree = "<group>"; };
		A1F0425E138FFD1B00EF08C8 /* ASIHTTPRequestConfig.h */ = {isa = PBXFileReference; fileEncoding = 4; lastKnownFileType = sourcecode.c.h; path = ASIHTTPRequestConfig.h; sourceTree = "<group>"; };
		A1F0425F138FFD1B00EF08C8 /* ASIHTTPRequestDelegate.h */ = {isa = PBXFileReference; fileEncoding = 4; lastKnownFileType = sourcecode.c.h; path = ASIHTTPRequestDelegate.h; sourceTree = "<group>"; };
		A1F04260138FFD1B00EF08C8 /* ASIInputStream.h */ = {isa = PBXFileReference; fileEncoding = 4; lastKnownFileType = sourcecode.c.h; path = ASIInputStream.h; sourceTree = "<group>"; };
		A1F04261138FFD1B00EF08C8 /* ASIInputStream.m */ = {isa = PBXFileReference; fileEncoding = 4; lastKnownFileType = sourcecode.c.objc; path = ASIInputStream.m; sourceTree = "<group>"; };
		A1F04262138FFD1B00EF08C8 /* ASINetworkQueue.h */ = {isa = PBXFileReference; fileEncoding = 4; lastKnownFileType = sourcecode.c.h; path = ASINetworkQueue.h; sourceTree = "<group>"; };
		A1F04263138FFD1B00EF08C8 /* ASINetworkQueue.m */ = {isa = PBXFileReference; fileEncoding = 4; lastKnownFileType = sourcecode.c.objc; path = ASINetworkQueue.m; sourceTree = "<group>"; };
		A1F04264138FFD1B00EF08C8 /* ASIProgressDelegate.h */ = {isa = PBXFileReference; fileEncoding = 4; lastKnownFileType = sourcecode.c.h; path = ASIProgressDelegate.h; sourceTree = "<group>"; };
		A1F04265138FFD1B00EF08C8 /* Reachability.h */ = {isa = PBXFileReference; fileEncoding = 4; lastKnownFileType = sourcecode.c.h; path = Reachability.h; sourceTree = "<group>"; };
		A1F04266138FFD1B00EF08C8 /* Reachability.m */ = {isa = PBXFileReference; fileEncoding = 4; lastKnownFileType = sourcecode.c.objc; path = Reachability.m; sourceTree = "<group>"; };
		A1F04270138FFE8600EF08C8 /* CFNetwork.framework */ = {isa = PBXFileReference; lastKnownFileType = wrapper.framework; name = CFNetwork.framework; path = System/Library/Frameworks/CFNetwork.framework; sourceTree = SDKROOT; };
		A1F04271138FFE8600EF08C8 /* CoreGraphics.framework */ = {isa = PBXFileReference; lastKnownFileType = wrapper.framework; name = CoreGraphics.framework; path = System/Library/Frameworks/CoreGraphics.framework; sourceTree = SDKROOT; };
		A1F04273138FFE8700EF08C8 /* MobileCoreServices.framework */ = {isa = PBXFileReference; lastKnownFileType = wrapper.framework; name = MobileCoreServices.framework; path = System/Library/Frameworks/MobileCoreServices.framework; sourceTree = SDKROOT; };
		A1F04274138FFE8700EF08C8 /* SystemConfiguration.framework */ = {isa = PBXFileReference; lastKnownFileType = wrapper.framework; name = SystemConfiguration.framework; path = System/Library/Frameworks/SystemConfiguration.framework; sourceTree = SDKROOT; };
		A1F042791390039A00EF08C8 /* content.plist */ = {isa = PBXFileReference; fileEncoding = 4; lastKnownFileType = text.plist.xml; path = content.plist; sourceTree = "<group>"; };
		A1F0427B139003DC00EF08C8 /* ContentManager.h */ = {isa = PBXFileReference; fileEncoding = 4; lastKnownFileType = sourcecode.c.h; name = ContentManager.h; path = "View Controllers/ContentManager.h"; sourceTree = "<group>"; };
		A1F0427C139003DD00EF08C8 /* ContentManager.m */ = {isa = PBXFileReference; fileEncoding = 4; lastKnownFileType = sourcecode.c.objc; name = ContentManager.m; path = "View Controllers/ContentManager.m"; sourceTree = "<group>"; };
		A1F042B81390094400EF08C8 /* JSON.h */ = {isa = PBXFileReference; fileEncoding = 4; lastKnownFileType = sourcecode.c.h; path = JSON.h; sourceTree = "<group>"; };
		A1F042B91390094400EF08C8 /* NSObject+SBJSON.h */ = {isa = PBXFileReference; fileEncoding = 4; lastKnownFileType = sourcecode.c.h; path = "NSObject+SBJSON.h"; sourceTree = "<group>"; };
		A1F042BA1390094400EF08C8 /* NSObject+SBJSON.m */ = {isa = PBXFileReference; fileEncoding = 4; lastKnownFileType = sourcecode.c.objc; path = "NSObject+SBJSON.m"; sourceTree = "<group>"; };
		A1F042BB1390094400EF08C8 /* NSString+SBJSON.h */ = {isa = PBXFileReference; fileEncoding = 4; lastKnownFileType = sourcecode.c.h; path = "NSString+SBJSON.h"; sourceTree = "<group>"; };
		A1F042BC1390094400EF08C8 /* NSString+SBJSON.m */ = {isa = PBXFileReference; fileEncoding = 4; lastKnownFileType = sourcecode.c.objc; path = "NSString+SBJSON.m"; sourceTree = "<group>"; };
		A1F042BD1390094400EF08C8 /* SBJsonBase.h */ = {isa = PBXFileReference; fileEncoding = 4; lastKnownFileType = sourcecode.c.h; path = SBJsonBase.h; sourceTree = "<group>"; };
		A1F042BE1390094400EF08C8 /* SBJsonBase.m */ = {isa = PBXFileReference; fileEncoding = 4; lastKnownFileType = sourcecode.c.objc; path = SBJsonBase.m; sourceTree = "<group>"; };
		A1F042BF1390094400EF08C8 /* SBJsonParser.h */ = {isa = PBXFileReference; fileEncoding = 4; lastKnownFileType = sourcecode.c.h; path = SBJsonParser.h; sourceTree = "<group>"; };
		A1F042C01390094400EF08C8 /* SBJsonParser.m */ = {isa = PBXFileReference; fileEncoding = 4; lastKnownFileType = sourcecode.c.objc; path = SBJsonParser.m; sourceTree = "<group>"; };
		A1F042C11390094400EF08C8 /* SBJsonWriter.h */ = {isa = PBXFileReference; fileEncoding = 4; lastKnownFileType = sourcecode.c.h; path = SBJsonWriter.h; sourceTree = "<group>"; };
		A1F042C21390094400EF08C8 /* SBJsonWriter.m */ = {isa = PBXFileReference; fileEncoding = 4; lastKnownFileType = sourcecode.c.objc; path = SBJsonWriter.m; sourceTree = "<group>"; };
		A1FC95F01359927600F5606D /* LatinSquares.app */ = {isa = PBXFileReference; explicitFileType = wrapper.application; includeInIndex = 0; path = LatinSquares.app; sourceTree = BUILT_PRODUCTS_DIR; };
		A1FC95F41359927600F5606D /* UIKit.framework */ = {isa = PBXFileReference; lastKnownFileType = wrapper.framework; name = UIKit.framework; path = System/Library/Frameworks/UIKit.framework; sourceTree = SDKROOT; };
		A1FC95F61359927600F5606D /* Foundation.framework */ = {isa = PBXFileReference; lastKnownFileType = wrapper.framework; name = Foundation.framework; path = System/Library/Frameworks/Foundation.framework; sourceTree = SDKROOT; };
		A1FC95F81359927600F5606D /* CoreGraphics.framework */ = {isa = PBXFileReference; lastKnownFileType = wrapper.framework; name = CoreGraphics.framework; path = System/Library/Frameworks/CoreGraphics.framework; sourceTree = SDKROOT; };
		A1FC95FC1359927600F5606D /* LatinSquares-Info.plist */ = {isa = PBXFileReference; lastKnownFileType = text.plist.xml; path = "LatinSquares-Info.plist"; sourceTree = "<group>"; };
		A1FC95FE1359927600F5606D /* en */ = {isa = PBXFileReference; lastKnownFileType = text.plist.strings; name = en; path = en.lproj/InfoPlist.strings; sourceTree = "<group>"; };
		A1FC96001359927600F5606D /* LatinSquares-Prefix.pch */ = {isa = PBXFileReference; lastKnownFileType = sourcecode.c.h; path = "LatinSquares-Prefix.pch"; sourceTree = "<group>"; };
		A1FC96011359927600F5606D /* main.m */ = {isa = PBXFileReference; lastKnownFileType = sourcecode.c.objc; path = main.m; sourceTree = "<group>"; };
/* End PBXFileReference section */

/* Begin PBXFrameworksBuildPhase section */
		A1FC95ED1359927600F5606D /* Frameworks */ = {
			isa = PBXFrameworksBuildPhase;
			buildActionMask = 2147483647;
			files = (
				A119552913A0AA2E00EE4673 /* libz.1.2.3.dylib in Frameworks */,
				A1F04275138FFE8700EF08C8 /* CFNetwork.framework in Frameworks */,
				A1FC95F91359927600F5606D /* CoreGraphics.framework in Frameworks */,
				A1F04277138FFE8700EF08C8 /* MobileCoreServices.framework in Frameworks */,
				A1F04278138FFE8700EF08C8 /* SystemConfiguration.framework in Frameworks */,
				A1FC95F51359927600F5606D /* UIKit.framework in Frameworks */,
				A1FC95F71359927600F5606D /* Foundation.framework in Frameworks */,
			);
			runOnlyForDeploymentPostprocessing = 0;
		};
/* End PBXFrameworksBuildPhase section */

/* Begin PBXGroup section */
		A1C48A931359DA2B008A923D /* CPP */ = {
			isa = PBXGroup;
			children = (
				A1C48A951359DA2B008A923D /* DesignMC.hpp */,
				A1C48A941359DA2B008A923D /* DesignMC.cpp */,
				A1C48A961359DA2B008A923D /* DesignMCWrapper.h */,
				A1C48A971359DA2B008A923D /* DesignMCWrapper.mm */,
			);
			path = CPP;
			sourceTree = "<group>";
		};
		A1C48A981359DA2B008A923D /* CUIHorizontalPickerView */ = {
			isa = PBXGroup;
			children = (
				A1C48A991359DA2B008A923D /* CUIHorizontalPickerView.h */,
				A1C48A9A1359DA2B008A923D /* CUIHorizontalPickerView.mm */,
				A1C48A9B1359DA2B008A923D /* CUIHorizontalPickerViewSubView.h */,
				A1C48A9C1359DA2B008A923D /* CUIHorizontalPickerViewSubView.mm */,
			);
			path = CUIHorizontalPickerView;
			sourceTree = "<group>";
		};
		A1C48A9D1359DA2B008A923D /* Delegates */ = {
			isa = PBXGroup;
			children = (
				A1C48A9E1359DA2B008A923D /* LatinSquaresAppDelegate.h */,
				A1C48A9F1359DA2B008A923D /* LatinSquaresAppDelegate.mm */,
			);
			path = Delegates;
			sourceTree = "<group>";
		};
		A1C48AA01359DA2B008A923D /* Resources */ = {
			isa = PBXGroup;
			children = (
				A1A961AB13A002F00051089C /* green_min_track.png */,
				A15E32A2139FFCC1001E9AE0 /* red_min_track.png */,
				A1D3BCC5135A23E2006721AD /* Default-Portrait~ipad.png */,
				A10DAF7A13A6A0C6006E5762 /* Default-Landscape~ipad.png */,
				A1203B37135A021F006B5736 /* Default@2x.png */,
				A1203B35135A01B7006B5736 /* Default.png */,
				A1C48AA11359DA2B008A923D /* Icon-72.png */,
				A1C48AA21359DA2B008A923D /* Icon-Small-50.png */,
				A1C48AA31359DA2B008A923D /* Icon-Small.png */,
				A1C48AA41359DA2B008A923D /* Icon-Small@2x.png */,
				A1C48AA51359DA2B008A923D /* Icon.png */,
				A1C48AA61359DA2B008A923D /* Icon@2x.png */,
				A1F042791390039A00EF08C8 /* content.plist */,
			);
			path = Resources;
			sourceTree = "<group>";
		};
		A1C48AA71359DA2B008A923D /* View Controllers */ = {
			isa = PBXGroup;
			children = (
				A1A4CD5513634E4600A72098 /* LSTableView.h */,
				A1A4CD5613634E4600A72098 /* LSTableView.mm */,
				A1C48AA81359DA2B008A923D /* LSWebsiteView.h */,
				A1C48AA91359DA2B008A923D /* LSWebsiteView.m */,
				A1C48AAA1359DA2B008A923D /* LSSquareView.h */,
				A1C48AAB1359DA2B008A923D /* LSSquareView.mm */,
			);
			path = "View Controllers";
			sourceTree = "<group>";
		};
		A1F04250138FFD1B00EF08C8 /* ASI */ = {
			isa = PBXGroup;
			children = (
				A1F04251138FFD1B00EF08C8 /* ASIAuthenticationDialog.h */,
				A1F04252138FFD1B00EF08C8 /* ASIAuthenticationDialog.m */,
				A1F04253138FFD1B00EF08C8 /* ASICacheDelegate.h */,
				A1F04254138FFD1B00EF08C8 /* ASIDataCompressor.h */,
				A1F04255138FFD1B00EF08C8 /* ASIDataCompressor.m */,
				A1F04256138FFD1B00EF08C8 /* ASIDataDecompressor.h */,
				A1F04257138FFD1B00EF08C8 /* ASIDataDecompressor.m */,
				A1F04258138FFD1B00EF08C8 /* ASIDownloadCache.h */,
				A1F04259138FFD1B00EF08C8 /* ASIDownloadCache.m */,
				A1F0425A138FFD1B00EF08C8 /* ASIFormDataRequest.h */,
				A1F0425B138FFD1B00EF08C8 /* ASIFormDataRequest.m */,
				A1F0425C138FFD1B00EF08C8 /* ASIHTTPRequest.h */,
				A1F0425D138FFD1B00EF08C8 /* ASIHTTPRequest.m */,
				A1F0425E138FFD1B00EF08C8 /* ASIHTTPRequestConfig.h */,
				A1F0425F138FFD1B00EF08C8 /* ASIHTTPRequestDelegate.h */,
				A1F04260138FFD1B00EF08C8 /* ASIInputStream.h */,
				A1F04261138FFD1B00EF08C8 /* ASIInputStream.m */,
				A1F04262138FFD1B00EF08C8 /* ASINetworkQueue.h */,
				A1F04263138FFD1B00EF08C8 /* ASINetworkQueue.m */,
				A1F04264138FFD1B00EF08C8 /* ASIProgressDelegate.h */,
				A1F04265138FFD1B00EF08C8 /* Reachability.h */,
				A1F04266138FFD1B00EF08C8 /* Reachability.m */,
			);
			path = ASI;
			sourceTree = "<group>";
		};
		A1F042B01390085900EF08C8 /* External */ = {
			isa = PBXGroup;
			children = (
				A1F042B71390094400EF08C8 /* JSON */,
				A1F04250138FFD1B00EF08C8 /* ASI */,
			);
			name = External;
			sourceTree = "<group>";
		};
		A1F042B71390094400EF08C8 /* JSON */ = {
			isa = PBXGroup;
			children = (
				A1F042B81390094400EF08C8 /* JSON.h */,
				A1F042B91390094400EF08C8 /* NSObject+SBJSON.h */,
				A1F042BA1390094400EF08C8 /* NSObject+SBJSON.m */,
				A1F042BB1390094400EF08C8 /* NSString+SBJSON.h */,
				A1F042BC1390094400EF08C8 /* NSString+SBJSON.m */,
				A1F042BD1390094400EF08C8 /* SBJsonBase.h */,
				A1F042BE1390094400EF08C8 /* SBJsonBase.m */,
				A1F042BF1390094400EF08C8 /* SBJsonParser.h */,
				A1F042C01390094400EF08C8 /* SBJsonParser.m */,
				A1F042C11390094400EF08C8 /* SBJsonWriter.h */,
				A1F042C21390094400EF08C8 /* SBJsonWriter.m */,
			);
			path = JSON;
			sourceTree = "<group>";
		};
		A1FC95E51359927500F5606D = {
			isa = PBXGroup;
			children = (
				A1FC95FA1359927600F5606D /* LatinSquares */,
				A1FC95F31359927600F5606D /* Frameworks */,
				A1FC95F11359927600F5606D /* Products */,
			);
			sourceTree = "<group>";
		};
		A1FC95F11359927600F5606D /* Products */ = {
			isa = PBXGroup;
			children = (
				A1FC95F01359927600F5606D /* LatinSquares.app */,
			);
			name = Products;
			sourceTree = "<group>";
		};
		A1FC95F31359927600F5606D /* Frameworks */ = {
			isa = PBXGroup;
			children = (
				A119552813A0AA2E00EE4673 /* libz.1.2.3.dylib */,
				A1F04270138FFE8600EF08C8 /* CFNetwork.framework */,
				A1F04271138FFE8600EF08C8 /* CoreGraphics.framework */,
				A1F04273138FFE8700EF08C8 /* MobileCoreServices.framework */,
				A1F04274138FFE8700EF08C8 /* SystemConfiguration.framework */,
				A1FC95F41359927600F5606D /* UIKit.framework */,
				A1FC95F61359927600F5606D /* Foundation.framework */,
				A1FC95F81359927600F5606D /* CoreGraphics.framework */,
			);
			name = Frameworks;
			sourceTree = "<group>";
		};
		A1FC95FA1359927600F5606D /* LatinSquares */ = {
			isa = PBXGroup;
			children = (
				A1F0427B139003DC00EF08C8 /* ContentManager.h */,
				A1F0427C139003DD00EF08C8 /* ContentManager.m */,
				A1F042B01390085900EF08C8 /* External */,
				A1C48A931359DA2B008A923D /* CPP */,
				A12FC0CF13A7490000AA5A31 /* Overlay.h */,
				A12FC0D013A7490000AA5A31 /* Overlay.m */,
				A1C48A981359DA2B008A923D /* CUIHorizontalPickerView */,
				A1C48A9D1359DA2B008A923D /* Delegates */,
				A1C48AA71359DA2B008A923D /* View Controllers */,
				A1C48AA01359DA2B008A923D /* Resources */,
				A1FC95FB1359927600F5606D /* Supporting Files */,
			);
			path = LatinSquares;
			sourceTree = "<group>";
		};
		A1FC95FB1359927600F5606D /* Supporting Files */ = {
			isa = PBXGroup;
			children = (
				A1FC95FC1359927600F5606D /* LatinSquares-Info.plist */,
				A1FC95FD1359927600F5606D /* InfoPlist.strings */,
				A1FC96001359927600F5606D /* LatinSquares-Prefix.pch */,
				A1FC96011359927600F5606D /* main.m */,
			);
			name = "Supporting Files";
			sourceTree = "<group>";
		};
/* End PBXGroup section */

/* Begin PBXNativeTarget section */
		A1FC95EF1359927600F5606D /* LatinSquares */ = {
			isa = PBXNativeTarget;
			buildConfigurationList = A1FC96161359927600F5606D /* Build configuration list for PBXNativeTarget "LatinSquares" */;
			buildPhases = (
				A1FC95EC1359927600F5606D /* Sources */,
				A1FC95ED1359927600F5606D /* Frameworks */,
				A1FC95EE1359927600F5606D /* Resources */,
			);
			buildRules = (
			);
			dependencies = (
			);
			name = LatinSquares;
			productName = LatinSquares;
			productReference = A1FC95F01359927600F5606D /* LatinSquares.app */;
			productType = "com.apple.product-type.application";
		};
/* End PBXNativeTarget section */

/* Begin PBXProject section */
		A1FC95E71359927500F5606D /* Project object */ = {
			isa = PBXProject;
			attributes = {
				LastUpgradeCheck = 0420;
				ORGANIZATIONNAME = "Andy Drizen";
			};
			buildConfigurationList = A1FC95EA1359927500F5606D /* Build configuration list for PBXProject "LatinSquares" */;
			compatibilityVersion = "Xcode 3.2";
			developmentRegion = English;
			hasScannedForEncodings = 0;
			knownRegions = (
				en,
			);
			mainGroup = A1FC95E51359927500F5606D;
			productRefGroup = A1FC95F11359927600F5606D /* Products */;
			projectDirPath = "";
			projectRoot = "";
			targets = (
				A1FC95EF1359927600F5606D /* LatinSquares */,
			);
		};
/* End PBXProject section */

/* Begin PBXResourcesBuildPhase section */
		A1FC95EE1359927600F5606D /* Resources */ = {
			isa = PBXResourcesBuildPhase;
			buildActionMask = 2147483647;
			files = (
				A1FC95FF1359927600F5606D /* InfoPlist.strings in Resources */,
				A1C48AB11359DA2B008A923D /* Icon-72.png in Resources */,
				A1C48AB21359DA2B008A923D /* Icon-Small-50.png in Resources */,
				A1C48AB31359DA2B008A923D /* Icon-Small.png in Resources */,
				A1C48AB41359DA2B008A923D /* Icon-Small@2x.png in Resources */,
				A1C48AB51359DA2B008A923D /* Icon.png in Resources */,
				A1C48AB61359DA2B008A923D /* Icon@2x.png in Resources */,
				A1203B36135A01B7006B5736 /* Default.png in Resources */,
				A1203B38135A0220006B5736 /* Default@2x.png in Resources */,
				A1D3BCC6135A23E2006721AD /* Default-Portrait~ipad.png in Resources */,
				A1F0427A1390039A00EF08C8 /* content.plist in Resources */,
				A15E32A3139FFCC1001E9AE0 /* red_min_track.png in Resources */,
				A1A961AC13A002F00051089C /* green_min_track.png in Resources */,
				A10DAF7B13A6A0C6006E5762 /* Default-Landscape~ipad.png in Resources */,
			);
			runOnlyForDeploymentPostprocessing = 0;
		};
/* End PBXResourcesBuildPhase section */

/* Begin PBXSourcesBuildPhase section */
		A1FC95EC1359927600F5606D /* Sources */ = {
			isa = PBXSourcesBuildPhase;
			buildActionMask = 2147483647;
			files = (
				A1FC96021359927600F5606D /* main.m in Sources */,
				A1C48AAC1359DA2B008A923D /* DesignMC.cpp in Sources */,
				A1C48AAD1359DA2B008A923D /* DesignMCWrapper.mm in Sources */,
				A1C48AAE1359DA2B008A923D /* CUIHorizontalPickerView.mm in Sources */,
				A1C48AAF1359DA2B008A923D /* CUIHorizontalPickerViewSubView.mm in Sources */,
				A1C48AB01359DA2B008A923D /* LatinSquaresAppDelegate.mm in Sources */,
				A1C48AB71359DA2B008A923D /* LSWebsiteView.m in Sources */,
				A1C48AB81359DA2B008A923D /* LSSquareView.mm in Sources */,
				A1A4CD5713634E4600A72098 /* LSTableView.mm in Sources */,
				A1F04267138FFD1B00EF08C8 /* ASIAuthenticationDialog.m in Sources */,
				A1F04268138FFD1B00EF08C8 /* ASIDataCompressor.m in Sources */,
				A1F04269138FFD1B00EF08C8 /* ASIDataDecompressor.m in Sources */,
				A1F0426A138FFD1B00EF08C8 /* ASIDownloadCache.m in Sources */,
				A1F0426B138FFD1B00EF08C8 /* ASIFormDataRequest.m in Sources */,
				A1F0426C138FFD1B00EF08C8 /* ASIHTTPRequest.m in Sources */,
				A1F0426D138FFD1B00EF08C8 /* ASIInputStream.m in Sources */,
				A1F0426E138FFD1B00EF08C8 /* ASINetworkQueue.m in Sources */,
				A1F0426F138FFD1B00EF08C8 /* Reachability.m in Sources */,
				A1F0427D139003DD00EF08C8 /* ContentManager.m in Sources */,
				A1F042C31390094400EF08C8 /* NSObject+SBJSON.m in Sources */,
				A1F042C41390094400EF08C8 /* NSString+SBJSON.m in Sources */,
				A1F042C51390094400EF08C8 /* SBJsonBase.m in Sources */,
				A1F042C61390094400EF08C8 /* SBJsonParser.m in Sources */,
				A1F042C71390094400EF08C8 /* SBJsonWriter.m in Sources */,
				A12FC0D113A7490000AA5A31 /* Overlay.m in Sources */,
			);
			runOnlyForDeploymentPostprocessing = 0;
		};
/* End PBXSourcesBuildPhase section */

/* Begin PBXVariantGroup section */
		A1FC95FD1359927600F5606D /* InfoPlist.strings */ = {
			isa = PBXVariantGroup;
			children = (
				A1FC95FE1359927600F5606D /* en */,
			);
			name = InfoPlist.strings;
			sourceTree = "<group>";
		};
/* End PBXVariantGroup section */

/* Begin XCBuildConfiguration section */
		A1FC96141359927600F5606D /* Debug */ = {
			isa = XCBuildConfiguration;
			buildSettings = {
				ARCHS = "$(ARCHS_STANDARD_32_BIT)";
				CODE_SIGN_IDENTITY = "iPhone Developer: Andy Drizen (3DDCM7289R)";
				"CODE_SIGN_IDENTITY[sdk=iphoneos*]" = "iPhone Developer: Andy Drizen (3DDCM7289R)";
				GCC_C_LANGUAGE_STANDARD = gnu99;
				GCC_OPTIMIZATION_LEVEL = 0;
				GCC_PREPROCESSOR_DEFINITIONS = DEBUG;
				GCC_SYMBOLS_PRIVATE_EXTERN = NO;
				GCC_VERSION = com.apple.compilers.llvmgcc42;
				GCC_WARN_ABOUT_MISSING_PROTOTYPES = YES;
				GCC_WARN_ABOUT_RETURN_TYPE = YES;
				GCC_WARN_UNUSED_VARIABLE = YES;
				IPHONEOS_DEPLOYMENT_TARGET = 3.0;
				PROVISIONING_PROFILE = "7560C982-4E8D-4B0F-93FD-4BCC8A469134";
				"PROVISIONING_PROFILE[sdk=iphoneos*]" = "D3C721F8-1BA1-4CC6-AE34-0B3EBDA2B9E4";
				SDKROOT = iphoneos;
				TARGETED_DEVICE_FAMILY = "1,2";
			};
			name = Debug;
		};
		A1FC96151359927600F5606D /* Release */ = {
			isa = XCBuildConfiguration;
			buildSettings = {
				ARCHS = "$(ARCHS_STANDARD_32_BIT)";
				CODE_SIGN_IDENTITY = "iPhone Developer: Andy Drizen (3DDCM7289R)";
				"CODE_SIGN_IDENTITY[sdk=iphoneos*]" = "iPhone Developer";
				GCC_C_LANGUAGE_STANDARD = gnu99;
				GCC_VERSION = com.apple.compilers.llvmgcc42;
				GCC_WARN_ABOUT_MISSING_PROTOTYPES = YES;
				GCC_WARN_ABOUT_RETURN_TYPE = YES;
				GCC_WARN_UNUSED_VARIABLE = YES;
				IPHONEOS_DEPLOYMENT_TARGET = 3.0;
				OTHER_CFLAGS = "-DNS_BLOCK_ASSERTIONS=1";
				PROVISIONING_PROFILE = "7560C982-4E8D-4B0F-93FD-4BCC8A469134";
				SDKROOT = iphoneos;
				TARGETED_DEVICE_FAMILY = "1,2";
			};
			name = Release;
		};
		A1FC96171359927600F5606D /* Debug */ = {
			isa = XCBuildConfiguration;
			buildSettings = {
				ALWAYS_SEARCH_USER_PATHS = NO;
				CODE_SIGN_IDENTITY = "iPhone Distribution: Jetpack Studios LLP";
				"CODE_SIGN_IDENTITY[sdk=iphoneos*]" = "iPhone Distribution: Jetpack Studios LLP";
				COPY_PHASE_STRIP = NO;
				GCC_DYNAMIC_NO_PIC = NO;
				GCC_PRECOMPILE_PREFIX_HEADER = YES;
				GCC_PREFIX_HEADER = "LatinSquares/LatinSquares-Prefix.pch";
				INFOPLIST_FILE = "LatinSquares/LatinSquares-Info.plist";
				IPHONEOS_DEPLOYMENT_TARGET = 4.0;
				PRODUCT_NAME = LatinSquares;
				PROVISIONING_PROFILE = "638F6727-0F99-4AFA-9A5E-77E1E5320692";
				"PROVISIONING_PROFILE[sdk=iphoneos*]" = "638F6727-0F99-4AFA-9A5E-77E1E5320692";
				WRAPPER_EXTENSION = app;
			};
			name = Debug;
		};
		A1FC96181359927600F5606D /* Release */ = {
			isa = XCBuildConfiguration;
			buildSettings = {
				ALWAYS_SEARCH_USER_PATHS = NO;
				CODE_SIGN_IDENTITY = "iPhone Distribution: Jetpack Studios LLP";
				"CODE_SIGN_IDENTITY[sdk=iphoneos*]" = "iPhone Distribution: Jetpack Studios LLP";
				COPY_PHASE_STRIP = YES;
				GCC_PRECOMPILE_PREFIX_HEADER = YES;
				GCC_PREFIX_HEADER = "LatinSquares/LatinSquares-Prefix.pch";
				INFOPLIST_FILE = "LatinSquares/LatinSquares-Info.plist";
				IPHONEOS_DEPLOYMENT_TARGET = 4.0;
				PRODUCT_NAME = LatinSquares;
				PROVISIONING_PROFILE = "638F6727-0F99-4AFA-9A5E-77E1E5320692";
				"PROVISIONING_PROFILE[sdk=iphoneos*]" = "638F6727-0F99-4AFA-9A5E-77E1E5320692";
				VALIDATE_PRODUCT = YES;
				WRAPPER_EXTENSION = app;
			};
			name = Release;
		};
/* End XCBuildConfiguration section */

/* Begin XCConfigurationList section */
		A1FC95EA1359927500F5606D /* Build configuration list for PBXProject "LatinSquares" */ = {
			isa = XCConfigurationList;
			buildConfigurations = (
				A1FC96141359927600F5606D /* Debug */,
				A1FC96151359927600F5606D /* Release */,
			);
			defaultConfigurationIsVisible = 0;
			defaultConfigurationName = Release;
		};
		A1FC96161359927600F5606D /* Build configuration list for PBXNativeTarget "LatinSquares" */ = {
			isa = XCConfigurationList;
			buildConfigurations = (
				A1FC96171359927600F5606D /* Debug */,
				A1FC96181359927600F5606D /* Release */,
			);
			defaultConfigurationIsVisible = 0;
			defaultConfigurationName = Release;
		};
/* End XCConfigurationList section */
	};
	rootObject = A1FC95E71359927500F5606D /* Project object */;
}
